
Microsoft Visual Studio Solution File, Format Version 12.00
# Visual Studio Version 16
VisualStudioVersion = 16.0.32002.261
MinimumVisualStudioVersion = 10.0.40219.1
Project("{FAE04EC0-301F-11D3-BF4B-00C04F79EFBC}") = "PostApi", "PostApi\PostApi.csproj", "{90B46A37-BAA3-436C-86AE-A00FA09179FC}"
EndProject
Global
	GlobalSection(SolutionConfigurationPlatforms) = preSolution
		Debug|Any CPU = Debug|Any CPU
		Release|Any CPU = Release|Any CPU
	EndGlobalSection
	GlobalSection(ProjectConfigurationPlatforms) = postSolution
		{90B46A37-BAA3-436C-86AE-A00FA09179FC}.Debug|Any CPU.ActiveCfg = Debug|Any CPU
		{90B46A37-BAA3-436C-86AE-A00FA09179FC}.Debug|Any CPU.Build.0 = Debug|Any CPU
		{90B46A37-BAA3-436C-86AE-A00FA09179FC}.Release|Any CPU.ActiveCfg = Release|Any CPU
		{90B46A37-BAA3-436C-86AE-A00FA09179FC}.Release|Any CPU.Build.0 = Release|Any CPU
	EndGlobalSection
	GlobalSection(SolutionProperties) = preSolution
		HideSolutionNode = FALSE
	EndGlobalSection
	GlobalSection(ExtensibilityGlobals) = postSolution
		SolutionGuid = {E65ADFCB-66D5-4034-B850-F422989BDCA5}
	EndGlobalSection
EndGlobal
